PODS:
  - Flutter (1.0.0)
  - integration_test (0.0.1):
    - Flutter
  - spa_sdk (0.0.1):
    - Flutter

DEPENDENCIES:
  - Flutter (from `Flutter`)
  - integration_test (from `.symlinks/plugins/integration_test/ios`)
  - spa_sdk (from `.symlinks/plugins/spa_sdk/ios`)

EXTERNAL SOURCES:
  Flutter:
    :path: Flutter
  integration_test:
    :path: ".symlinks/plugins/integration_test/ios"
  spa_sdk:
    :path: ".symlinks/plugins/spa_sdk/ios"

SPEC CHECKSUMS:
  Flutter: e0871f40cf51350855a761d2e70bf5af5b9b5de7
  integration_test: 13825b8a9334a850581300559b8839134b124670
  spa_sdk: 7029d8fb369e5b12b09356e4c8823899a88642e9

PODFILE CHECKSUM: 819463e6a0290f5a72f145ba7cde16e8b6ef0796

COCOAPODS: 1.13.0
